{
    "name": "generator",
    "lockfileVersion": 3,
    "requires": true,
    "packages": {
        "": {
            "name": "generator",
            "dependencies": {
                "papaparse": "5.4.1",
                "typescript": "5.7.2"
            },
            "devDependencies": {
                "@total-typescript/tsconfig": "^1.0.4",
                "@types/papaparse": "^5.3.15",
                "@types/xmldom": "^0.1.34",
                "xmldom": "^0.6.0"
            }
        },
        "node_modules/@total-typescript/tsconfig": {
            "version": "1.0.4",
            "resolved": "https://registry.npmjs.org/@total-typescript/tsconfig/-/tsconfig-1.0.4.tgz",
            "integrity": "sha512-fO4ctMPGz1kOFOQ4RCPBRBfMy3gDn+pegUfrGyUFRMv/Rd0ZM3/SHH3hFCYG4u6bPLG8OlmOGcBLDexvyr3A5w==",
            "dev": true,
            "license": "MIT"
        },
        "node_modules/@types/node": {
            "version": "22.10.2",
            "resolved": "https://registry.npmjs.org/@types/node/-/node-22.10.2.tgz",
            "integrity": "sha512-Xxr6BBRCAOQixvonOye19wnzyDiUtTeqldOOmj3CkeblonbccA12PFwlufvRdrpjXxqnmUaeiU5EOA+7s5diUQ==",
            "dev": true,
            "license": "MIT",
            "dependencies": {
                "undici-types": "~6.20.0"
            }
        },
        "node_modules/@types/papaparse": {
            "version": "5.3.15",
            "resolved": "https://registry.npmjs.org/@types/papaparse/-/papaparse-5.3.15.tgz",
            "integrity": "sha512-JHe6vF6x/8Z85nCX4yFdDslN11d+1pr12E526X8WAfhadOeaOTx5AuIkvDKIBopfvlzpzkdMx4YyvSKCM9oqtw==",
            "dev": true,
            "license": "MIT",
            "dependencies": {
                "@types/node": "*"
            }
        },
        "node_modules/@types/xmldom": {
            "version": "0.1.34",
            "resolved": "https://registry.npmjs.org/@types/xmldom/-/xmldom-0.1.34.tgz",
            "integrity": "sha512-7eZFfxI9XHYjJJuugddV6N5YNeXgQE1lArWOcd1eCOKWb/FGs5SIjacSYuEJuwhsGS3gy4RuZ5EUIcqYscuPDA==",
            "dev": true,
            "license": "MIT"
        },
        "node_modules/papaparse": {
            "version": "5.4.1",
            "resolved": "https://registry.npmjs.org/papaparse/-/papaparse-5.4.1.tgz",
            "integrity": "sha512-HipMsgJkZu8br23pW15uvo6sib6wne/4woLZPlFf3rpDyMe9ywEXUsuD7+6K9PRkJlVT51j/sCOYDKGGS3ZJrw==",
            "license": "MIT"
        },
        "node_modules/typescript": {
            "version": "5.7.2",
            "resolved": "https://registry.npmjs.org/typescript/-/typescript-5.7.2.tgz",
            "integrity": "sha512-i5t66RHxDvVN40HfDd1PsEThGNnlMCMT3jMUuoh9/0TaqWevNontacunWyN02LA9/fIbEWlcHZcgTKb9QoaLfg==",
            "license": "Apache-2.0",
            "bin": {
                "tsc": "bin/tsc",
                "tsserver": "bin/tsserver"
            },
            "engines": {
                "node": ">=14.17"
            }
        },
        "node_modules/undici-types": {
            "version": "6.20.0",
            "resolved": "https://registry.npmjs.org/undici-types/-/undici-types-6.20.0.tgz",
            "integrity": "sha512-Ny6QZ2Nju20vw1SRHe3d9jVu6gJ+4e3+MMpqu7pqE5HT6WsTSlce++GQmK5UXS8mzV8DSYHrQH+Xrf2jVcuKNg==",
            "dev": true,
            "license": "MIT"
        },
        "node_modules/xmldom": {
            "version": "0.6.0",
            "resolved": "https://registry.npmjs.org/xmldom/-/xmldom-0.6.0.tgz",
            "integrity": "sha512-iAcin401y58LckRZ0TkI4k0VSM1Qg0KGSc3i8rU+xrxe19A/BN1zHyVSJY7uoutVlaTSzYyk/v5AmkewAP7jtg==",
            "dev": true,
            "license": "MIT",
            "engines": {
                "node": ">=10.0.0"
            }
        }
    }
}
